
Microsoft Visual Studio Solution File, Format Version 12.00
# Visual Studio Version 17
VisualStudioVersion = 17.6.33829.357
MinimumVisualStudioVersion = 10.0.40219.1
Project("{FAE04EC0-301F-11D3-BF4B-00C04F79EFBC}") = "Manifest", "Manifest\Manifest.csproj", "{D55D687A-8AD1-4F29-90FE-FF6BEF2F067C}"
EndProject
Global
	GlobalSection(SolutionConfigurationPlatforms) = preSolution
		Debug|Any CPU = Debug|Any CPU
		Debug|x64 = Debug|x64
		Release|Any CPU = Release|Any CPU
		Release|x64 = Release|x64
	EndGlobalSection
	GlobalSection(ProjectConfigurationPlatforms) = postSolution
		{D55D687A-8AD1-4F29-90FE-FF6BEF2F067C}.Debug|Any CPU.ActiveCfg = Debug|Any CPU
		{D55D687A-8AD1-4F29-90FE-FF6BEF2F067C}.Debug|Any CPU.Build.0 = Debug|Any CPU
		{D55D687A-8AD1-4F29-90FE-FF6BEF2F067C}.Debug|x64.ActiveCfg = Debug|x64
		{D55D687A-8AD1-4F29-90FE-FF6BEF2F067C}.Debug|x64.Build.0 = Debug|x64
		{D55D687A-8AD1-4F29-90FE-FF6BEF2F067C}.Release|Any CPU.ActiveCfg = Release|Any CPU
		{D55D687A-8AD1-4F29-90FE-FF6BEF2F067C}.Release|Any CPU.Build.0 = Release|Any CPU
		{D55D687A-8AD1-4F29-90FE-FF6BEF2F067C}.Release|x64.ActiveCfg = Release|x64
		{D55D687A-8AD1-4F29-90FE-FF6BEF2F067C}.Release|x64.Build.0 = Release|x64
	EndGlobalSection
	GlobalSection(SolutionProperties) = preSolution
		HideSolutionNode = FALSE
	EndGlobalSection
	GlobalSection(ExtensibilityGlobals) = postSolution
		SolutionGuid = {10D3E226-8074-4A42-A6D2-BB6084562BAE}
	EndGlobalSection
EndGlobal
